// !$*UTF8*$!
{
	archiveVersion = 1;
	classes = {
	};
	objectVersion = 55;
	objects = {

/* Begin PBXBuildFile section */
		9109923827859A6C003F2F46 /* AppDelegate.swift in Sources */ = {isa = PBXBuildFile; fileRef = 9109923727859A6C003F2F46 /* AppDelegate.swift */; };
		9109923A27859A6C003F2F46 /* SceneDelegate.swift in Sources */ = {isa = PBXBuildFile; fileRef = 9109923927859A6C003F2F46 /* SceneDelegate.swift */; };
		9109923C27859A6C003F2F46 /* ViewController.swift in Sources */ = {isa = PBXBuildFile; fileRef = 9109923B27859A6C003F2F46 /* ViewController.swift */; };
		9109923F27859A6C003F2F46 /* Main.storyboard in Resources */ = {isa = PBXBuildFile; fileRef = 9109923D27859A6C003F2F46 /* Main.storyboard */; };
		9109924127859A6E003F2F46 /* Assets.xcassets in Resources */ = {isa = PBXBuildFile; fileRef = 9109924027859A6E003F2F46 /* Assets.xcassets */; };
		9109924427859A6E003F2F46 /* LaunchScreen.storyboard in Resources */ = {isa = PBXBuildFile; fileRef = 9109924227859A6E003F2F46 /* LaunchScreen.storyboard */; };
		910992512785AAEF003F2F46 /* QuestionViewController.swift in Sources */ = {isa = PBXBuildFile; fileRef = 910992502785AAEF003F2F46 /* QuestionViewController.swift */; };
		910992532785B18F003F2F46 /* FinalViewController.swift in Sources */ = {isa = PBXBuildFile; fileRef = 910992522785B18F003F2F46 /* FinalViewController.swift */; };
		910992552785CE58003F2F46 /* Question.swift in Sources */ = {isa = PBXBuildFile; fileRef = 910992542785CE58003F2F46 /* Question.swift */; };
		910992572785CE6A003F2F46 /* Answer.swift in Sources */ = {isa = PBXBuildFile; fileRef = 910992562785CE6A003F2F46 /* Answer.swift */; };
/* End PBXBuildFile section */

/* Begin PBXFileReference section */
		9109923427859A6C003F2F46 /* AnimalQuiz.app */ = {isa = PBXFileReference; explicitFileType = wrapper.application; includeInIndex = 0; path = AnimalQuiz.app; sourceTree = BUILT_PRODUCTS_DIR; };
		9109923727859A6C003F2F46 /* AppDelegate.swift */ = {isa = PBXFileReference; lastKnownFileType = sourcecode.swift; path = AppDelegate.swift; sourceTree = "<group>"; };
		9109923927859A6C003F2F46 /* SceneDelegate.swift */ = {isa = PBXFileReference; lastKnownFileType = sourcecode.swift; path = SceneDelegate.swift; sourceTree = "<group>"; };
		9109923B27859A6C003F2F46 /* ViewController.swift */ = {isa = PBXFileReference; lastKnownFileType = sourcecode.swift; path = ViewController.swift; sourceTree = "<group>"; };
		9109923E27859A6C003F2F46 /* Base */ = {isa = PBXFileReference; lastKnownFileType = file.storyboard; name = Base; path = Base.lproj/Main.storyboard; sourceTree = "<group>"; };
		9109924027859A6E003F2F46 /* Assets.xcassets */ = {isa = PBXFileReference; lastKnownFileType = folder.assetcatalog; path = Assets.xcassets; sourceTree = "<group>"; };
		9109924327859A6E003F2F46 /* Base */ = {isa = PBXFileReference; lastKnownFileType = file.storyboard; name = Base; path = Base.lproj/LaunchScreen.storyboard; sourceTree = "<group>"; };
		9109924527859A6E003F2F46 /* Info.plist */ = {isa = PBXFileReference; lastKnownFileType = text.plist.xml; path = Info.plist; sourceTree = "<group>"; };
		910992502785AAEF003F2F46 /* QuestionViewController.swift */ = {isa = PBXFileReference; lastKnownFileType = sourcecode.swift; path = QuestionViewController.swift; sourceTree = "<group>"; };
		910992522785B18F003F2F46 /* FinalViewController.swift */ = {isa = PBXFileReference; lastKnownFileType = sourcecode.swift; path = FinalViewController.swift; sourceTree = "<group>"; };
		910992542785CE58003F2F46 /* Question.swift */ = {isa = PBXFileReference; lastKnownFileType = sourcecode.swift; path = Question.swift; sourceTree = "<group>"; };
		910992562785CE6A003F2F46 /* Answer.swift */ = {isa = PBXFileReference; lastKnownFileType = sourcecode.swift; path = Answer.swift; sourceTree = "<group>"; };
/* End PBXFileReference section */

/* Begin PBXFrameworksBuildPhase section */
		9109923127859A6C003F2F46 /* Frameworks */ = {
			isa = PBXFrameworksBuildPhase;
			buildActionMask = 2147483647;
			files = (
			);
			runOnlyForDeploymentPostprocessing = 0;
		};
/* End PBXFrameworksBuildPhase section */

/* Begin PBXGroup section */
		9109922B27859A6C003F2F46 = {
			isa = PBXGroup;
			children = (
				9109923627859A6C003F2F46 /* AnimalQuiz */,
				9109923527859A6C003F2F46 /* Products */,
			);
			sourceTree = "<group>";
		};
		9109923527859A6C003F2F46 /* Products */ = {
			isa = PBXGroup;
			children = (
				9109923427859A6C003F2F46 /* AnimalQuiz.app */,
			);
			name = Products;
			sourceTree = "<group>";
		};
		9109923627859A6C003F2F46 /* AnimalQuiz */ = {
			isa = PBXGroup;
			children = (
				9109924E2785A019003F2F46 /* Resources */,
				9109924D27859FC2003F2F46 /* View Controllers */,
				9109924B27859CF8003F2F46 /* StoryBoards */,
				9109924F2785A03D003F2F46 /* Models */,
				9109924C27859E45003F2F46 /* Supporting Files */,
			);
			path = AnimalQuiz;
			sourceTree = "<group>";
		};
		9109924B27859CF8003F2F46 /* StoryBoards */ = {
			isa = PBXGroup;
			children = (
				9109923D27859A6C003F2F46 /* Main.storyboard */,
				9109924227859A6E003F2F46 /* LaunchScreen.storyboard */,
			);
			path = StoryBoards;
			sourceTree = "<group>";
		};
		9109924C27859E45003F2F46 /* Supporting Files */ = {
			isa = PBXGroup;
			children = (
				9109923727859A6C003F2F46 /* AppDelegate.swift */,
				9109923927859A6C003F2F46 /* SceneDelegate.swift */,
				9109924527859A6E003F2F46 /* Info.plist */,
			);
			path = "Supporting Files";
			sourceTree = "<group>";
		};
		9109924D27859FC2003F2F46 /* View Controllers */ = {
			isa = PBXGroup;
			children = (
				9109923B27859A6C003F2F46 /* ViewController.swift */,
				910992502785AAEF003F2F46 /* QuestionViewController.swift */,
				910992522785B18F003F2F46 /* FinalViewController.swift */,
			);
			path = "View Controllers";
			sourceTree = "<group>";
		};
		9109924E2785A019003F2F46 /* Resources */ = {
			isa = PBXGroup;
			children = (
				9109924027859A6E003F2F46 /* Assets.xcassets */,
			);
			path = Resources;
			sourceTree = "<group>";
		};
		9109924F2785A03D003F2F46 /* Models */ = {
			isa = PBXGroup;
			children = (
				910992542785CE58003F2F46 /* Question.swift */,
				910992562785CE6A003F2F46 /* Answer.swift */,
			);
			path = Models;
			sourceTree = "<group>";
		};
/* End PBXGroup section */

/* Begin PBXNativeTarget section */
		9109923327859A6C003F2F46 /* AnimalQuiz */ = {
			isa = PBXNativeTarget;
			buildConfigurationList = 9109924827859A6E003F2F46 /* Build configuration list for PBXNativeTarget "AnimalQuiz" */;
			buildPhases = (
				9109923027859A6C003F2F46 /* Sources */,
				9109923127859A6C003F2F46 /* Frameworks */,
				9109923227859A6C003F2F46 /* Resources */,
			);
			buildRules = (
			);
			dependencies = (
			);
			name = AnimalQuiz;
			productName = AnimalQuiz;
			productReference = 9109923427859A6C003F2F46 /* AnimalQuiz.app */;
			productType = "com.apple.product-type.application";
		};
/* End PBXNativeTarget section */

/* Begin PBXProject section */
		9109922C27859A6C003F2F46 /* Project object */ = {
			isa = PBXProject;
			attributes = {
				BuildIndependentTargetsInParallel = NO;
				LastSwiftUpdateCheck = 1320;
				LastUpgradeCheck = 1320;
				TargetAttributes = {
					9109923327859A6C003F2F46 = {
						CreatedOnToolsVersion = 13.2.1;
					};
				};
			};
			buildConfigurationList = 9109922F27859A6C003F2F46 /* Build configuration list for PBXProject "AnimalQuiz" */;
			compatibilityVersion = "Xcode 13.0";
			developmentRegion = en;
			hasScannedForEncodings = 0;
			knownRegions = (
				en,
				Base,
			);
			mainGroup = 9109922B27859A6C003F2F46;
			productRefGroup = 9109923527859A6C003F2F46 /* Products */;
			projectDirPath = "";
			projectRoot = "";
			targets = (
				9109923327859A6C003F2F46 /* AnimalQuiz */,
			);
		};
/* End PBXProject section */

/* Begin PBXResourcesBuildPhase section */
		9109923227859A6C003F2F46 /* Resources */ = {
			isa = PBXResourcesBuildPhase;
			buildActionMask = 2147483647;
			files = (
				9109924427859A6E003F2F46 /* LaunchScreen.storyboard in Resources */,
				9109924127859A6E003F2F46 /* Assets.xcassets in Resources */,
				9109923F27859A6C003F2F46 /* Main.storyboard in Resources */,
			);
			runOnlyForDeploymentPostprocessing = 0;
		};
/* End PBXResourcesBuildPhase section */

/* Begin PBXSourcesBuildPhase section */
		9109923027859A6C003F2F46 /* Sources */ = {
			isa = PBXSourcesBuildPhase;
			buildActionMask = 2147483647;
			files = (
				910992572785CE6A003F2F46 /* Answer.swift in Sources */,
				910992532785B18F003F2F46 /* FinalViewController.swift in Sources */,
				9109923C27859A6C003F2F46 /* ViewController.swift in Sources */,
				9109923827859A6C003F2F46 /* AppDelegate.swift in Sources */,
				910992552785CE58003F2F46 /* Question.swift in Sources */,
				910992512785AAEF003F2F46 /* QuestionViewController.swift in Sources */,
				9109923A27859A6C003F2F46 /* SceneDelegate.swift in Sources */,
			);
			runOnlyForDeploymentPostprocessing = 0;
		};
/* End PBXSourcesBuildPhase section */

/* Begin PBXVariantGroup section */
		9109923D27859A6C003F2F46 /* Main.storyboard */ = {
			isa = PBXVariantGroup;
			children = (
				9109923E27859A6C003F2F46 /* Base */,
			);
			name = Main.storyboard;
			sourceTree = "<group>";
		};
		9109924227859A6E003F2F46 /* LaunchScreen.storyboard */ = {
			isa = PBXVariantGroup;
			children = (
				9109924327859A6E003F2F46 /* Base */,
			);
			name = LaunchScreen.storyboard;
			sourceTree = "<group>";
		};
/* End PBXVariantGroup section */

/* Begin XCBuildConfiguration section */
		9109924627859A6E003F2F46 /* Debug */ = {
			isa = XCBuildConfiguration;
			buildSettings = {
				ALWAYS_SEARCH_USER_PATHS = NO;
				CLANG_ANALYZER_NONNULL = YES;
				CLANG_ANALYZER_NUMBER_OBJECT_CONVERSION = YES_AGGRESSIVE;
				CLANG_CXX_LANGUAGE_STANDARD = "gnu++17";
				CLANG_CXX_LIBRARY = "libc++";
				CLANG_ENABLE_MODULES = YES;
				CLANG_ENABLE_OBJC_ARC = YES;
				CLANG_ENABLE_OBJC_WEAK = YES;
				CLANG_WARN_BLOCK_CAPTURE_AUTORELEASING = YES;
				CLANG_WARN_BOOL_CONVERSION = YES;
				CLANG_WARN_COMMA = YES;
				CLANG_WARN_CONSTANT_CONVERSION = YES;
				CLANG_WARN_DEPRECATED_OBJC_IMPLEMENTATIONS = YES;
				CLANG_WARN_DIRECT_OBJC_ISA_USAGE = YES_ERROR;
				CLANG_WARN_DOCUMENTATION_COMMENTS = YES;
				CLANG_WARN_EMPTY_BODY = YES;
				CLANG_WARN_ENUM_CONVERSION = YES;
				CLANG_WARN_INFINITE_RECURSION = YES;
				CLANG_WARN_INT_CONVERSION = YES;
				CLANG_WARN_NON_LITERAL_NULL_CONVERSION = YES;
				CLANG_WARN_OBJC_IMPLICIT_RETAIN_SELF = YES;
				CLANG_WARN_OBJC_LITERAL_CONVERSION = YES;
				CLANG_WARN_OBJC_ROOT_CLASS = YES_ERROR;
				CLANG_WARN_QUOTED_INCLUDE_IN_FRAMEWORK_HEADER = YES;
				CLANG_WARN_RANGE_LOOP_ANALYSIS = YES;
				CLANG_WARN_STRICT_PROTOTYPES = YES;
				CLANG_WARN_SUSPICIOUS_MOVE = YES;
				CLANG_WARN_UNGUARDED_AVAILABILITY = YES_AGGRESSIVE;
				CLANG_WARN_UNREACHABLE_CODE = YES;
				CLANG_WARN__DUPLICATE_METHOD_MATCH = YES;
				COPY_PHASE_STRIP = NO;
				DEBUG_INFORMATION_FORMAT = dwarf;
				ENABLE_STRICT_OBJC_MSGSEND = YES;
				ENABLE_TESTABILITY = YES;
				GCC_C_LANGUAGE_STANDARD = gnu11;
				GCC_DYNAMIC_NO_PIC = NO;
				GCC_NO_COMMON_BLOCKS = YES;
				GCC_OPTIMIZATION_LEVEL = 0;
				GCC_PREPROCESSOR_DEFINITIONS = (
					"DEBUG=1",
					"$(inherited)",
				);
				GCC_WARN_64_TO_32_BIT_CONVERSION = YES;
				GCC_WARN_ABOUT_RETURN_TYPE = YES_ERROR;
				GCC_WARN_UNDECLARED_SELECTOR = YES;
				GCC_WARN_UNINITIALIZED_AUTOS = YES_AGGRESSIVE;
				GCC_WARN_UNUSED_FUNCTION = YES;
				GCC_WARN_UNUSED_VARIABLE = YES;
				IPHONEOS_DEPLOYMENT_TARGET = 15.0;
				MTL_ENABLE_DEBUG_INFO = INCLUDE_SOURCE;
				MTL_FAST_MATH = YES;
				ONLY_ACTIVE_ARCH = YES;
				SDKROOT = iphoneos;
				SWIFT_ACTIVE_COMPILATION_CONDITIONS = DEBUG;
				SWIFT_OPTIMIZATION_LEVEL = "-Onone";
			};
			name = Debug;
		};
		9109924727859A6E003F2F46 /* Release */ = {
			isa = XCBuildConfiguration;
			buildSettings = {
				ALWAYS_SEARCH_USER_PATHS = NO;
				CLANG_ANALYZER_NONNULL = YES;
				CLANG_ANALYZER_NUMBER_OBJECT_CONVERSION = YES_AGGRESSIVE;
				CLANG_CXX_LANGUAGE_STANDARD = "gnu++17";
				CLANG_CXX_LIBRARY = "libc++";
				CLANG_ENABLE_MODULES = YES;
				CLANG_ENABLE_OBJC_ARC = YES;
				CLANG_ENABLE_OBJC_WEAK = YES;
				CLANG_WARN_BLOCK_CAPTURE_AUTORELEASING = YES;
				CLANG_WARN_BOOL_CONVERSION = YES;
				CLANG_WARN_COMMA = YES;
				CLANG_WARN_CONSTANT_CONVERSION = YES;
				CLANG_WARN_DEPRECATED_OBJC_IMPLEMENTATIONS = YES;
				CLANG_WARN_DIRECT_OBJC_ISA_USAGE = YES_ERROR;
				CLANG_WARN_DOCUMENTATION_COMMENTS = YES;
				CLANG_WARN_EMPTY_BODY = YES;
				CLANG_WARN_ENUM_CONVERSION = YES;
				CLANG_WARN_INFINITE_RECURSION = YES;
				CLANG_WARN_INT_CONVERSION = YES;
				CLANG_WARN_NON_LITERAL_NULL_CONVERSION = YES;
				CLANG_WARN_OBJC_IMPLICIT_RETAIN_SELF = YES;
				CLANG_WARN_OBJC_LITERAL_CONVERSION = YES;
				CLANG_WARN_OBJC_ROOT_CLASS = YES_ERROR;
				CLANG_WARN_QUOTED_INCLUDE_IN_FRAMEWORK_HEADER = YES;
				CLANG_WARN_RANGE_LOOP_ANALYSIS = YES;
				CLANG_WARN_STRICT_PROTOTYPES = YES;
				CLANG_WARN_SUSPICIOUS_MOVE = YES;
				CLANG_WARN_UNGUARDED_AVAILABILITY = YES_AGGRESSIVE;
				CLANG_WARN_UNREACHABLE_CODE = YES;
				CLANG_WARN__DUPLICATE_METHOD_MATCH = YES;
				COPY_PHASE_STRIP = NO;
				DEBUG_INFORMATION_FORMAT = "dwarf-with-dsym";
				ENABLE_NS_ASSERTIONS = NO;
				ENABLE_STRICT_OBJC_MSGSEND = YES;
				GCC_C_LANGUAGE_STANDARD = gnu11;
				GCC_NO_COMMON_BLOCKS = YES;
				GCC_WARN_64_TO_32_BIT_CONVERSION = YES;
				GCC_WARN_ABOUT_RETURN_TYPE = YES_ERROR;
				GCC_WARN_UNDECLARED_SELECTOR = YES;
				GCC_WARN_UNINITIALIZED_AUTOS = YES_AGGRESSIVE;
				GCC_WARN_UNUSED_FUNCTION = YES;
				GCC_WARN_UNUSED_VARIABLE = YES;
				IPHONEOS_DEPLOYMENT_TARGET = 15.0;
				MTL_ENABLE_DEBUG_INFO = NO;
				MTL_FAST_MATH = YES;
				SDKROOT = iphoneos;
				SWIFT_COMPILATION_MODE = wholemodule;
				SWIFT_OPTIMIZATION_LEVEL = "-O";
				VALIDATE_PRODUCT = YES;
			};
			name = Release;
		};
		9109924927859A6E003F2F46 /* Debug */ = {
			isa = XCBuildConfiguration;
			buildSettings = {
				ASSETCATALOG_COMPILER_APPICON_NAME = AppIcon;
				ASSETCATALOG_COMPILER_GLOBAL_ACCENT_COLOR_NAME = AccentColor;
				CODE_SIGN_STYLE = Automatic;
				CURRENT_PROJECT_VERSION = 1;
				DEVELOPMENT_TEAM = DQVSYG2NA2;
				GENERATE_INFOPLIST_FILE = YES;
				INFOPLIST_FILE = "AnimalQuiz/Supporting Files/Info.plist";
				INFOPLIST_KEY_UIApplicationSupportsIndirectInputEvents = YES;
				INFOPLIST_KEY_UILaunchStoryboardName = LaunchScreen;
				INFOPLIST_KEY_UIMainStoryboardFile = Main;
				INFOPLIST_KEY_UISupportedInterfaceOrientations = "";
				INFOPLIST_KEY_UISupportedInterfaceOrientations_iPad = "UIInterfaceOrientationPortrait UIInterfaceOrientationPortraitUpsideDown UIInterfaceOrientationLandscapeLeft UIInterfaceOrientationLandscapeRight";
				INFOPLIST_KEY_UISupportedInterfaceOrientations_iPhone = "UIInterfaceOrientationPortrait UIInterfaceOrientationLandscapeLeft UIInterfaceOrientationLandscapeRight";
				IPHONEOS_DEPLOYMENT_TARGET = 15.0;
				LD_RUNPATH_SEARCH_PATHS = (
					"$(inherited)",
					"@executable_path/Frameworks",
				);
				MARKETING_VERSION = 1.0;
				PRODUCT_BUNDLE_IDENTIFIER = com.andysmr.AnimalQuiz;
				PRODUCT_NAME = "$(TARGET_NAME)";
				SWIFT_EMIT_LOC_STRINGS = YES;
				SWIFT_VERSION = 5.0;
				TARGETED_DEVICE_FAMILY = "1,2";
			};
			name = Debug;
		};
		9109924A27859A6E003F2F46 /* Release */ = {
			isa = XCBuildConfiguration;
			buildSettings = {
				ASSETCATALOG_COMPILER_APPICON_NAME = AppIcon;
				ASSETCATALOG_COMPILER_GLOBAL_ACCENT_COLOR_NAME = AccentColor;
				CODE_SIGN_STYLE = Automatic;
				CURRENT_PROJECT_VERSION = 1;
				DEVELOPMENT_TEAM = DQVSYG2NA2;
				GENERATE_INFOPLIST_FILE = YES;
				INFOPLIST_FILE = "AnimalQuiz/Supporting Files/Info.plist";
				INFOPLIST_KEY_UIApplicationSupportsIndirectInputEvents = YES;
				INFOPLIST_KEY_UILaunchStoryboardName = LaunchScreen;
				INFOPLIST_KEY_UIMainStoryboardFile = Main;
				INFOPLIST_KEY_UISupportedInterfaceOrientations = "";
				INFOPLIST_KEY_UISupportedInterfaceOrientations_iPad = "UIInterfaceOrientationPortrait UIInterfaceOrientationPortraitUpsideDown UIInterfaceOrientationLandscapeLeft UIInterfaceOrientationLandscapeRight";
				INFOPLIST_KEY_UISupportedInterfaceOrientations_iPhone = "UIInterfaceOrientationPortrait UIInterfaceOrientationLandscapeLeft UIInterfaceOrientationLandscapeRight";
				IPHONEOS_DEPLOYMENT_TARGET = 15.0;
				LD_RUNPATH_SEARCH_PATHS = (
					"$(inherited)",
					"@executable_path/Frameworks",
				);
				MARKETING_VERSION = 1.0;
				PRODUCT_BUNDLE_IDENTIFIER = com.andysmr.AnimalQuiz;
				PRODUCT_NAME = "$(TARGET_NAME)";
				SWIFT_EMIT_LOC_STRINGS = YES;
				SWIFT_VERSION = 5.0;
				TARGETED_DEVICE_FAMILY = "1,2";
			};
			name = Release;
		};
/* End XCBuildConfiguration section */

/* Begin XCConfigurationList section */
		9109922F27859A6C003F2F46 /* Build configuration list for PBXProject "AnimalQuiz" */ = {
			isa = XCConfigurationList;
			buildConfigurations = (
				9109924627859A6E003F2F46 /* Debug */,
				9109924727859A6E003F2F46 /* Release */,
			);
			defaultConfigurationIsVisible = 0;
			defaultConfigurationName = Release;
		};
		9109924827859A6E003F2F46 /* Build configuration list for PBXNativeTarget "AnimalQuiz" */ = {
			isa = XCConfigurationList;
			buildConfigurations = (
				9109924927859A6E003F2F46 /* Debug */,
				9109924A27859A6E003F2F46 /* Release */,
			);
			defaultConfigurationIsVisible = 0;
			defaultConfigurationName = Release;
		};
/* End XCConfigurationList section */
	};
	rootObject = 9109922C27859A6C003F2F46 /* Project object */;
}
